
Microsoft Visual Studio Solution File, Format Version 12.00
# Visual Studio Version 16
VisualStudioVersion = 16.0.31005.135
MinimumVisualStudioVersion = 10.0.40219.1
Project("{8BC9CEB8-8B4A-11D0-8D11-00A0C91BC942}") = "WBT_DX11", "WBT_DX11\WBT_DX11.vcxproj", "{A209A8ED-3E57-43BF-B31A-065EA9D65FAB}"
	ProjectSection(ProjectDependencies) = postProject
		{1AB5690B-1926-4A58-AA61-9EB07A89074D} = {1AB5690B-1926-4A58-AA61-9EB07A89074D}
	EndProjectSection
EndProject
Project("{8BC9CEB8-8B4A-11D0-8D11-00A0C91BC942}") = "BTEngineDX11", "BTEngineDX11\BTEngineDX11.vcxproj", "{1AB5690B-1926-4A58-AA61-9EB07A89074D}"
EndProject
Global
	GlobalSection(SolutionConfigurationPlatforms) = preSolution
		Debug|x64 = Debug|x64
		Debug|x86 = Debug|x86
		Release|x64 = Release|x64
		Release|x86 = Release|x86
	EndGlobalSection
	GlobalSection(ProjectConfigurationPlatforms) = postSolution
		{A209A8ED-3E57-43BF-B31A-065EA9D65FAB}.Debug|x64.ActiveCfg = Debug|x64
		{A209A8ED-3E57-43BF-B31A-065EA9D65FAB}.Debug|x64.Build.0 = Debug|x64
		{A209A8ED-3E57-43BF-B31A-065EA9D65FAB}.Debug|x86.ActiveCfg = Debug|Win32
		{A209A8ED-3E57-43BF-B31A-065EA9D65FAB}.Debug|x86.Build.0 = Debug|Win32
		{A209A8ED-3E57-43BF-B31A-065EA9D65FAB}.Release|x64.ActiveCfg = Release|x64
		{A209A8ED-3E57-43BF-B31A-065EA9D65FAB}.Release|x64.Build.0 = Release|x64
		{A209A8ED-3E57-43BF-B31A-065EA9D65FAB}.Release|x86.ActiveCfg = Release|Win32
		{A209A8ED-3E57-43BF-B31A-065EA9D65FAB}.Release|x86.Build.0 = Release|Win32
		{1AB5690B-1926-4A58-AA61-9EB07A89074D}.Debug|x64.ActiveCfg = Debug|x64
		{1AB5690B-1926-4A58-AA61-9EB07A89074D}.Debug|x64.Build.0 = Debug|x64
		{1AB5690B-1926-4A58-AA61-9EB07A89074D}.Debug|x86.ActiveCfg = Debug|Win32
		{1AB5690B-1926-4A58-AA61-9EB07A89074D}.Debug|x86.Build.0 = Debug|Win32
		{1AB5690B-1926-4A58-AA61-9EB07A89074D}.Release|x64.ActiveCfg = Release|x64
		{1AB5690B-1926-4A58-AA61-9EB07A89074D}.Release|x64.Build.0 = Release|x64
		{1AB5690B-1926-4A58-AA61-9EB07A89074D}.Release|x86.ActiveCfg = Release|Win32
		{1AB5690B-1926-4A58-AA61-9EB07A89074D}.Release|x86.Build.0 = Release|Win32
	EndGlobalSection
	GlobalSection(SolutionProperties) = preSolution
		HideSolutionNode = FALSE
	EndGlobalSection
	GlobalSection(ExtensibilityGlobals) = postSolution
		SolutionGuid = {5067E5FF-0FE2-4756-A811-F4452455C71C}
	EndGlobalSection
EndGlobal
